// !$*UTF8*$!
{
	archiveVersion = 1;
	classes = {
	};
	objectVersion = 50;
	objects = {

/* Begin PBXBuildFile section */
		530F9F3F2333B8E7002AEE48 /* leagueVC.swift in Sources */ = {isa = PBXBuildFile; fileRef = 530F9F3E2333B8E7002AEE48 /* leagueVC.swift */; };
		530F9F412333B8FB002AEE48 /* skillVC.swift in Sources */ = {isa = PBXBuildFile; fileRef = 530F9F402333B8FB002AEE48 /* skillVC.swift */; };
		530F9F432333C6B4002AEE48 /* Player.swift in Sources */ = {isa = PBXBuildFile; fileRef = 530F9F422333C6B4002AEE48 /* Player.swift */; };
		5356808B232E7E870006DE60 /* AppDelegate.swift in Sources */ = {isa = PBXBuildFile; fileRef = 5356808A232E7E870006DE60 /* AppDelegate.swift */; };
		5356808D232E7E870006DE60 /* Wellcome.swift in Sources */ = {isa = PBXBuildFile; fileRef = 5356808C232E7E870006DE60 /* Wellcome.swift */; };
		53568090232E7E870006DE60 /* Main.storyboard in Resources */ = {isa = PBXBuildFile; fileRef = 5356808E232E7E870006DE60 /* Main.storyboard */; };
		53568092232E7E890006DE60 /* Assets.xcassets in Resources */ = {isa = PBXBuildFile; fileRef = 53568091232E7E890006DE60 /* Assets.xcassets */; };
		53568095232E7E890006DE60 /* LaunchScreen.storyboard in Resources */ = {isa = PBXBuildFile; fileRef = 53568093232E7E890006DE60 /* LaunchScreen.storyboard */; };
		535680A0232E7E890006DE60 /* app_swooshTests.swift in Sources */ = {isa = PBXBuildFile; fileRef = 5356809F232E7E890006DE60 /* app_swooshTests.swift */; };
		535680AB232E7E890006DE60 /* app_swooshUITests.swift in Sources */ = {isa = PBXBuildFile; fileRef = 535680AA232E7E890006DE60 /* app_swooshUITests.swift */; };
		53DEC50B232FCA4500E6E706 /* BorderButton.swift in Sources */ = {isa = PBXBuildFile; fileRef = 53DEC50A232FCA4500E6E706 /* BorderButton.swift */; };
/* End PBXBuildFile section */

/* Begin PBXContainerItemProxy section */
		5356809C232E7E890006DE60 /* PBXContainerItemProxy */ = {
			isa = PBXContainerItemProxy;
			containerPortal = 5356807F232E7E870006DE60 /* Project object */;
			proxyType = 1;
			remoteGlobalIDString = 53568086232E7E870006DE60;
			remoteInfo = "app-swoosh";
		};
		535680A7232E7E890006DE60 /* PBXContainerItemProxy */ = {
			isa = PBXContainerItemProxy;
			containerPortal = 5356807F232E7E870006DE60 /* Project object */;
			proxyType = 1;
			remoteGlobalIDString = 53568086232E7E870006DE60;
			remoteInfo = "app-swoosh";
		};
/* End PBXContainerItemProxy section */

/* Begin PBXFileReference section */
		530F9F3E2333B8E7002AEE48 /* leagueVC.swift */ = {isa = PBXFileReference; lastKnownFileType = sourcecode.swift; path = leagueVC.swift; sourceTree = "<group>"; };
		530F9F402333B8FB002AEE48 /* skillVC.swift */ = {isa = PBXFileReference; lastKnownFileType = sourcecode.swift; path = skillVC.swift; sourceTree = "<group>"; };
		530F9F422333C6B4002AEE48 /* Player.swift */ = {isa = PBXFileReference; lastKnownFileType = sourcecode.swift; path = Player.swift; sourceTree = "<group>"; };
		53568087232E7E870006DE60 /* app-swoosh.app */ = {isa = PBXFileReference; explicitFileType = wrapper.application; includeInIndex = 0; path = "app-swoosh.app"; sourceTree = BUILT_PRODUCTS_DIR; };
		5356808A232E7E870006DE60 /* AppDelegate.swift */ = {isa = PBXFileReference; lastKnownFileType = sourcecode.swift; path = AppDelegate.swift; sourceTree = "<group>"; };
		5356808C232E7E870006DE60 /* Wellcome.swift */ = {isa = PBXFileReference; lastKnownFileType = sourcecode.swift; path = Wellcome.swift; sourceTree = "<group>"; };
		5356808F232E7E870006DE60 /* Base */ = {isa = PBXFileReference; lastKnownFileType = file.storyboard; name = Base; path = Base.lproj/Main.storyboard; sourceTree = "<group>"; };
		53568091232E7E890006DE60 /* Assets.xcassets */ = {isa = PBXFileReference; lastKnownFileType = folder.assetcatalog; path = Assets.xcassets; sourceTree = "<group>"; };
		53568094232E7E890006DE60 /* Base */ = {isa = PBXFileReference; lastKnownFileType = file.storyboard; name = Base; path = Base.lproj/LaunchScreen.storyboard; sourceTree = "<group>"; };
		53568096232E7E890006DE60 /* Info.plist */ = {isa = PBXFileReference; lastKnownFileType = text.plist.xml; path = Info.plist; sourceTree = "<group>"; };
		5356809B232E7E890006DE60 /* app-swooshTests.xctest */ = {isa = PBXFileReference; explicitFileType = wrapper.cfbundle; includeInIndex = 0; path = "app-swooshTests.xctest"; sourceTree = BUILT_PRODUCTS_DIR; };
		5356809F232E7E890006DE60 /* app_swooshTests.swift */ = {isa = PBXFileReference; lastKnownFileType = sourcecode.swift; path = app_swooshTests.swift; sourceTree = "<group>"; };
		535680A1232E7E890006DE60 /* Info.plist */ = {isa = PBXFileReference; lastKnownFileType = text.plist.xml; path = Info.plist; sourceTree = "<group>"; };
		535680A6232E7E890006DE60 /* app-swooshUITests.xctest */ = {isa = PBXFileReference; explicitFileType = wrapper.cfbundle; includeInIndex = 0; path = "app-swooshUITests.xctest"; sourceTree = BUILT_PRODUCTS_DIR; };
		535680AA232E7E890006DE60 /* app_swooshUITests.swift */ = {isa = PBXFileReference; lastKnownFileType = sourcecode.swift; path = app_swooshUITests.swift; sourceTree = "<group>"; };
		535680AC232E7E890006DE60 /* Info.plist */ = {isa = PBXFileReference; lastKnownFileType = text.plist.xml; path = Info.plist; sourceTree = "<group>"; };
		53DEC50A232FCA4500E6E706 /* BorderButton.swift */ = {isa = PBXFileReference; lastKnownFileType = sourcecode.swift; path = BorderButton.swift; sourceTree = "<group>"; };
/* End PBXFileReference section */

/* Begin PBXFrameworksBuildPhase section */
		53568084232E7E870006DE60 /* Frameworks */ = {
			isa = PBXFrameworksBuildPhase;
			buildActionMask = 2147483647;
			files = (
			);
			runOnlyForDeploymentPostprocessing = 0;
		};
		53568098232E7E890006DE60 /* Frameworks */ = {
			isa = PBXFrameworksBuildPhase;
			buildActionMask = 2147483647;
			files = (
			);
			runOnlyForDeploymentPostprocessing = 0;
		};
		535680A3232E7E890006DE60 /* Frameworks */ = {
			isa = PBXFrameworksBuildPhase;
			buildActionMask = 2147483647;
			files = (
			);
			runOnlyForDeploymentPostprocessing = 0;
		};
/* End PBXFrameworksBuildPhase section */

/* Begin PBXGroup section */
		530F9F3C2333B8A7002AEE48 /* Controller */ = {
			isa = PBXGroup;
			children = (
				5356808C232E7E870006DE60 /* Wellcome.swift */,
				530F9F3E2333B8E7002AEE48 /* leagueVC.swift */,
				530F9F402333B8FB002AEE48 /* skillVC.swift */,
			);
			path = Controller;
			sourceTree = "<group>";
		};
		530F9F3D2333B8BF002AEE48 /* Model */ = {
			isa = PBXGroup;
			children = (
				530F9F422333C6B4002AEE48 /* Player.swift */,
			);
			path = Model;
			sourceTree = "<group>";
		};
		5356807E232E7E870006DE60 = {
			isa = PBXGroup;
			children = (
				53568089232E7E870006DE60 /* app-swoosh */,
				5356809E232E7E890006DE60 /* app-swooshTests */,
				535680A9232E7E890006DE60 /* app-swooshUITests */,
				53568088232E7E870006DE60 /* Products */,
			);
			sourceTree = "<group>";
		};
		53568088232E7E870006DE60 /* Products */ = {
			isa = PBXGroup;
			children = (
				53568087232E7E870006DE60 /* app-swoosh.app */,
				5356809B232E7E890006DE60 /* app-swooshTests.xctest */,
				535680A6232E7E890006DE60 /* app-swooshUITests.xctest */,
			);
			name = Products;
			sourceTree = "<group>";
		};
		53568089232E7E870006DE60 /* app-swoosh */ = {
			isa = PBXGroup;
			children = (
				530F9F3D2333B8BF002AEE48 /* Model */,
				530F9F3C2333B8A7002AEE48 /* Controller */,
				53DEC509232FC95700E6E706 /* views */,
				5356808A232E7E870006DE60 /* AppDelegate.swift */,
				5356808E232E7E870006DE60 /* Main.storyboard */,
				53568091232E7E890006DE60 /* Assets.xcassets */,
				53568093232E7E890006DE60 /* LaunchScreen.storyboard */,
				53568096232E7E890006DE60 /* Info.plist */,
			);
			path = "app-swoosh";
			sourceTree = "<group>";
		};
		5356809E232E7E890006DE60 /* app-swooshTests */ = {
			isa = PBXGroup;
			children = (
				5356809F232E7E890006DE60 /* app_swooshTests.swift */,
				535680A1232E7E890006DE60 /* Info.plist */,
			);
			path = "app-swooshTests";
			sourceTree = "<group>";
		};
		535680A9232E7E890006DE60 /* app-swooshUITests */ = {
			isa = PBXGroup;
			children = (
				535680AA232E7E890006DE60 /* app_swooshUITests.swift */,
				535680AC232E7E890006DE60 /* Info.plist */,
			);
			path = "app-swooshUITests";
			sourceTree = "<group>";
		};
		53DEC509232FC95700E6E706 /* views */ = {
			isa = PBXGroup;
			children = (
				53DEC50A232FCA4500E6E706 /* BorderButton.swift */,
			);
			path = views;
			sourceTree = "<group>";
		};
/* End PBXGroup section */

/* Begin PBXNativeTarget section */
		53568086232E7E870006DE60 /* app-swoosh */ = {
			isa = PBXNativeTarget;
			buildConfigurationList = 535680AF232E7E890006DE60 /* Build configuration list for PBXNativeTarget "app-swoosh" */;
			buildPhases = (
				53568083232E7E870006DE60 /* Sources */,
				53568084232E7E870006DE60 /* Frameworks */,
				53568085232E7E870006DE60 /* Resources */,
			);
			buildRules = (
			);
			dependencies = (
			);
			name = "app-swoosh";
			productName = "app-swoosh";
			productReference = 53568087232E7E870006DE60 /* app-swoosh.app */;
			productType = "com.apple.product-type.application";
		};
		5356809A232E7E890006DE60 /* app-swooshTests */ = {
			isa = PBXNativeTarget;
			buildConfigurationList = 535680B2232E7E890006DE60 /* Build configuration list for PBXNativeTarget "app-swooshTests" */;
			buildPhases = (
				53568097232E7E890006DE60 /* Sources */,
				53568098232E7E890006DE60 /* Frameworks */,
				53568099232E7E890006DE60 /* Resources */,
			);
			buildRules = (
			);
			dependencies = (
				5356809D232E7E890006DE60 /* PBXTargetDependency */,
			);
			name = "app-swooshTests";
			productName = "app-swooshTests";
			productReference = 5356809B232E7E890006DE60 /* app-swooshTests.xctest */;
			productType = "com.apple.product-type.bundle.unit-test";
		};
		535680A5232E7E890006DE60 /* app-swooshUITests */ = {
			isa = PBXNativeTarget;
			buildConfigurationList = 535680B5232E7E890006DE60 /* Build configuration list for PBXNativeTarget "app-swooshUITests" */;
			buildPhases = (
				535680A2232E7E890006DE60 /* Sources */,
				535680A3232E7E890006DE60 /* Frameworks */,
				535680A4232E7E890006DE60 /* Resources */,
			);
			buildRules = (
			);
			dependencies = (
				535680A8232E7E890006DE60 /* PBXTargetDependency */,
			);
			name = "app-swooshUITests";
			productName = "app-swooshUITests";
			productReference = 535680A6232E7E890006DE60 /* app-swooshUITests.xctest */;
			productType = "com.apple.product-type.bundle.ui-testing";
		};
/* End PBXNativeTarget section */

/* Begin PBXProject section */
		5356807F232E7E870006DE60 /* Project object */ = {
			isa = PBXProject;
			attributes = {
				LastSwiftUpdateCheck = 1030;
				LastUpgradeCheck = 1030;
				ORGANIZATIONNAME = NGUYENLONGTIEN;
				TargetAttributes = {
					53568086232E7E870006DE60 = {
						CreatedOnToolsVersion = 10.3;
					};
					5356809A232E7E890006DE60 = {
						CreatedOnToolsVersion = 10.3;
						TestTargetID = 53568086232E7E870006DE60;
					};
					535680A5232E7E890006DE60 = {
						CreatedOnToolsVersion = 10.3;
						TestTargetID = 53568086232E7E870006DE60;
					};
				};
			};
			buildConfigurationList = 53568082232E7E870006DE60 /* Build configuration list for PBXProject "app-swoosh" */;
			compatibilityVersion = "Xcode 9.3";
			developmentRegion = en;
			hasScannedForEncodings = 0;
			knownRegions = (
				en,
				Base,
			);
			mainGroup = 5356807E232E7E870006DE60;
			productRefGroup = 53568088232E7E870006DE60 /* Products */;
			projectDirPath = "";
			projectRoot = "";
			targets = (
				53568086232E7E870006DE60 /* app-swoosh */,
				5356809A232E7E890006DE60 /* app-swooshTests */,
				535680A5232E7E890006DE60 /* app-swooshUITests */,
			);
		};
/* End PBXProject section */

/* Begin PBXResourcesBuildPhase section */
		53568085232E7E870006DE60 /* Resources */ = {
			isa = PBXResourcesBuildPhase;
			buildActionMask = 2147483647;
			files = (
				53568095232E7E890006DE60 /* LaunchScreen.storyboard in Resources */,
				53568092232E7E890006DE60 /* Assets.xcassets in Resources */,
				53568090232E7E870006DE60 /* Main.storyboard in Resources */,
			);
			runOnlyForDeploymentPostprocessing = 0;
		};
		53568099232E7E890006DE60 /* Resources */ = {
			isa = PBXResourcesBuildPhase;
			buildActionMask = 2147483647;
			files = (
			);
			runOnlyForDeploymentPostprocessing = 0;
		};
		535680A4232E7E890006DE60 /* Resources */ = {
			isa = PBXResourcesBuildPhase;
			buildActionMask = 2147483647;
			files = (
			);
			runOnlyForDeploymentPostprocessing = 0;
		};
/* End PBXResourcesBuildPhase section */

/* Begin PBXSourcesBuildPhase section */
		53568083232E7E870006DE60 /* Sources */ = {
			isa = PBXSourcesBuildPhase;
			buildActionMask = 2147483647;
			files = (
				5356808D232E7E870006DE60 /* Wellcome.swift in Sources */,
				530F9F3F2333B8E7002AEE48 /* leagueVC.swift in Sources */,
				5356808B232E7E870006DE60 /* AppDelegate.swift in Sources */,
				53DEC50B232FCA4500E6E706 /* BorderButton.swift in Sources */,
				530F9F432333C6B4002AEE48 /* Player.swift in Sources */,
				530F9F412333B8FB002AEE48 /* skillVC.swift in Sources */,
			);
			runOnlyForDeploymentPostprocessing = 0;
		};
		53568097232E7E890006DE60 /* Sources */ = {
			isa = PBXSourcesBuildPhase;
			buildActionMask = 2147483647;
			files = (
				535680A0232E7E890006DE60 /* app_swooshTests.swift in Sources */,
			);
			runOnlyForDeploymentPostprocessing = 0;
		};
		535680A2232E7E890006DE60 /* Sources */ = {
			isa = PBXSourcesBuildPhase;
			buildActionMask = 2147483647;
			files = (
				535680AB232E7E890006DE60 /* app_swooshUITests.swift in Sources */,
			);
			runOnlyForDeploymentPostprocessing = 0;
		};
/* End PBXSourcesBuildPhase section */

/* Begin PBXTargetDependency section */
		5356809D232E7E890006DE60 /* PBXTargetDependency */ = {
			isa = PBXTargetDependency;
			target = 53568086232E7E870006DE60 /* app-swoosh */;
			targetProxy = 5356809C232E7E890006DE60 /* PBXContainerItemProxy */;
		};
		535680A8232E7E890006DE60 /* PBXTargetDependency */ = {
			isa = PBXTargetDependency;
			target = 53568086232E7E870006DE60 /* app-swoosh */;
			targetProxy = 535680A7232E7E890006DE60 /* PBXContainerItemProxy */;
		};
/* End PBXTargetDependency section */

/* Begin PBXVariantGroup section */
		5356808E232E7E870006DE60 /* Main.storyboard */ = {
			isa = PBXVariantGroup;
			children = (
				5356808F232E7E870006DE60 /* Base */,
			);
			name = Main.storyboard;
			sourceTree = "<group>";
		};
		53568093232E7E890006DE60 /* LaunchScreen.storyboard */ = {
			isa = PBXVariantGroup;
			children = (
				53568094232E7E890006DE60 /* Base */,
			);
			name = LaunchScreen.storyboard;
			sourceTree = "<group>";
		};
/* End PBXVariantGroup section */

/* Begin XCBuildConfiguration section */
		535680AD232E7E890006DE60 /* Debug */ = {
			isa = XCBuildConfiguration;
			buildSettings = {
				ALWAYS_SEARCH_USER_PATHS = NO;
				CLANG_ANALYZER_NONNULL = YES;
				CLANG_ANALYZER_NUMBER_OBJECT_CONVERSION = YES_AGGRESSIVE;
				CLANG_CXX_LANGUAGE_STANDARD = "gnu++14";
				CLANG_CXX_LIBRARY = "libc++";
				CLANG_ENABLE_MODULES = YES;
				CLANG_ENABLE_OBJC_ARC = YES;
				CLANG_ENABLE_OBJC_WEAK = YES;
				CLANG_WARN_BLOCK_CAPTURE_AUTORELEASING = YES;
				CLANG_WARN_BOOL_CONVERSION = YES;
				CLANG_WARN_COMMA = YES;
				CLANG_WARN_CONSTANT_CONVERSION = YES;
				CLANG_WARN_DEPRECATED_OBJC_IMPLEMENTATIONS = YES;
				CLANG_WARN_DIRECT_OBJC_ISA_USAGE = YES_ERROR;
				CLANG_WARN_DOCUMENTATION_COMMENTS = YES;
				CLANG_WARN_EMPTY_BODY = YES;
				CLANG_WARN_ENUM_CONVERSION = YES;
				CLANG_WARN_INFINITE_RECURSION = YES;
				CLANG_WARN_INT_CONVERSION = YES;
				CLANG_WARN_NON_LITERAL_NULL_CONVERSION = YES;
				CLANG_WARN_OBJC_IMPLICIT_RETAIN_SELF = YES;
				CLANG_WARN_OBJC_LITERAL_CONVERSION = YES;
				CLANG_WARN_OBJC_ROOT_CLASS = YES_ERROR;
				CLANG_WARN_RANGE_LOOP_ANALYSIS = YES;
				CLANG_WARN_STRICT_PROTOTYPES = YES;
				CLANG_WARN_SUSPICIOUS_MOVE = YES;
				CLANG_WARN_UNGUARDED_AVAILABILITY = YES_AGGRESSIVE;
				CLANG_WARN_UNREACHABLE_CODE = YES;
				CLANG_WARN__DUPLICATE_METHOD_MATCH = YES;
				CODE_SIGN_IDENTITY = "iPhone Developer";
				COPY_PHASE_STRIP = NO;
				DEBUG_INFORMATION_FORMAT = dwarf;
				ENABLE_STRICT_OBJC_MSGSEND = YES;
				ENABLE_TESTABILITY = YES;
				GCC_C_LANGUAGE_STANDARD = gnu11;
				GCC_DYNAMIC_NO_PIC = NO;
				GCC_NO_COMMON_BLOCKS = YES;
				GCC_OPTIMIZATION_LEVEL = 0;
				GCC_PREPROCESSOR_DEFINITIONS = (
					"DEBUG=1",
					"$(inherited)",
				);
				GCC_WARN_64_TO_32_BIT_CONVERSION = YES;
				GCC_WARN_ABOUT_RETURN_TYPE = YES_ERROR;
				GCC_WARN_UNDECLARED_SELECTOR = YES;
				GCC_WARN_UNINITIALIZED_AUTOS = YES_AGGRESSIVE;
				GCC_WARN_UNUSED_FUNCTION = YES;
				GCC_WARN_UNUSED_VARIABLE = YES;
				IPHONEOS_DEPLOYMENT_TARGET = 12.4;
				MTL_ENABLE_DEBUG_INFO = INCLUDE_SOURCE;
				MTL_FAST_MATH = YES;
				ONLY_ACTIVE_ARCH = YES;
				SDKROOT = iphoneos;
				SWIFT_ACTIVE_COMPILATION_CONDITIONS = DEBUG;
				SWIFT_OPTIMIZATION_LEVEL = "-Onone";
			};
			name = Debug;
		};
		535680AE232E7E890006DE60 /* Release */ = {
			isa = XCBuildConfiguration;
			buildSettings = {
				ALWAYS_SEARCH_USER_PATHS = NO;
				CLANG_ANALYZER_NONNULL = YES;
				CLANG_ANALYZER_NUMBER_OBJECT_CONVERSION = YES_AGGRESSIVE;
				CLANG_CXX_LANGUAGE_STANDARD = "gnu++14";
				CLANG_CXX_LIBRARY = "libc++";
				CLANG_ENABLE_MODULES = YES;
				CLANG_ENABLE_OBJC_ARC = YES;
				CLANG_ENABLE_OBJC_WEAK = YES;
				CLANG_WARN_BLOCK_CAPTURE_AUTORELEASING = YES;
				CLANG_WARN_BOOL_CONVERSION = YES;
				CLANG_WARN_COMMA = YES;
				CLANG_WARN_CONSTANT_CONVERSION = YES;
				CLANG_WARN_DEPRECATED_OBJC_IMPLEMENTATIONS = YES;
				CLANG_WARN_DIRECT_OBJC_ISA_USAGE = YES_ERROR;
				CLANG_WARN_DOCUMENTATION_COMMENTS = YES;
				CLANG_WARN_EMPTY_BODY = YES;
				CLANG_WARN_ENUM_CONVERSION = YES;
				CLANG_WARN_INFINITE_RECURSION = YES;
				CLANG_WARN_INT_CONVERSION = YES;
				CLANG_WARN_NON_LITERAL_NULL_CONVERSION = YES;
				CLANG_WARN_OBJC_IMPLICIT_RETAIN_SELF = YES;
				CLANG_WARN_OBJC_LITERAL_CONVERSION = YES;
				CLANG_WARN_OBJC_ROOT_CLASS = YES_ERROR;
				CLANG_WARN_RANGE_LOOP_ANALYSIS = YES;
				CLANG_WARN_STRICT_PROTOTYPES = YES;
				CLANG_WARN_SUSPICIOUS_MOVE = YES;
				CLANG_WARN_UNGUARDED_AVAILABILITY = YES_AGGRESSIVE;
				CLANG_WARN_UNREACHABLE_CODE = YES;
				CLANG_WARN__DUPLICATE_METHOD_MATCH = YES;
				CODE_SIGN_IDENTITY = "iPhone Developer";
				COPY_PHASE_STRIP = NO;
				DEBUG_INFORMATION_FORMAT = "dwarf-with-dsym";
				ENABLE_NS_ASSERTIONS = NO;
				ENABLE_STRICT_OBJC_MSGSEND = YES;
				GCC_C_LANGUAGE_STANDARD = gnu11;
				GCC_NO_COMMON_BLOCKS = YES;
				GCC_WARN_64_TO_32_BIT_CONVERSION = YES;
				GCC_WARN_ABOUT_RETURN_TYPE = YES_ERROR;
				GCC_WARN_UNDECLARED_SELECTOR = YES;
				GCC_WARN_UNINITIALIZED_AUTOS = YES_AGGRESSIVE;
				GCC_WARN_UNUSED_FUNCTION = YES;
				GCC_WARN_UNUSED_VARIABLE = YES;
				IPHONEOS_DEPLOYMENT_TARGET = 12.4;
				MTL_ENABLE_DEBUG_INFO = NO;
				MTL_FAST_MATH = YES;
				SDKROOT = iphoneos;
				SWIFT_COMPILATION_MODE = wholemodule;
				SWIFT_OPTIMIZATION_LEVEL = "-O";
				VALIDATE_PRODUCT = YES;
			};
			name = Release;
		};
		535680B0232E7E890006DE60 /* Debug */ = {
			isa = XCBuildConfiguration;
			buildSettings = {
				ASSETCATALOG_COMPILER_APPICON_NAME = AppIcon;
				CODE_SIGN_STYLE = Automatic;
				DEVELOPMENT_TEAM = K5ZMABR8MY;
				INFOPLIST_FILE = "app-swoosh/Info.plist";
				LD_RUNPATH_SEARCH_PATHS = (
					"$(inherited)",
					"@executable_path/Frameworks",
				);
				PRODUCT_BUNDLE_IDENTIFIER = "yourcompany.app-swoosh";
				PRODUCT_NAME = "$(TARGET_NAME)";
				SWIFT_VERSION = 5.0;
				TARGETED_DEVICE_FAMILY = "1,2";
			};
			name = Debug;
		};
		535680B1232E7E890006DE60 /* Release */ = {
			isa = XCBuildConfiguration;
			buildSettings = {
				ASSETCATALOG_COMPILER_APPICON_NAME = AppIcon;
				CODE_SIGN_STYLE = Automatic;
				DEVELOPMENT_TEAM = K5ZMABR8MY;
				INFOPLIST_FILE = "app-swoosh/Info.plist";
				LD_RUNPATH_SEARCH_PATHS = (
					"$(inherited)",
					"@executable_path/Frameworks",
				);
				PRODUCT_BUNDLE_IDENTIFIER = "yourcompany.app-swoosh";
				PRODUCT_NAME = "$(TARGET_NAME)";
				SWIFT_VERSION = 5.0;
				TARGETED_DEVICE_FAMILY = "1,2";
			};
			name = Release;
		};
		535680B3232E7E890006DE60 /* Debug */ = {
			isa = XCBuildConfiguration;
			buildSettings = {
				ALWAYS_EMBED_SWIFT_STANDARD_LIBRARIES = YES;
				BUNDLE_LOADER = "$(TEST_HOST)";
				CODE_SIGN_STYLE = Automatic;
				DEVELOPMENT_TEAM = K5ZMABR8MY;
				INFOPLIST_FILE = "app-swooshTests/Info.plist";
				LD_RUNPATH_SEARCH_PATHS = (
					"$(inherited)",
					"@executable_path/Frameworks",
					"@loader_path/Frameworks",
				);
				PRODUCT_BUNDLE_IDENTIFIER = "yourcompany.app-swooshTests";
				PRODUCT_NAME = "$(TARGET_NAME)";
				SWIFT_VERSION = 5.0;
				TARGETED_DEVICE_FAMILY = "1,2";
				TEST_HOST = "$(BUILT_PRODUCTS_DIR)/app-swoosh.app/app-swoosh";
			};
			name = Debug;
		};
		535680B4232E7E890006DE60 /* Release */ = {
			isa = XCBuildConfiguration;
			buildSettings = {
				ALWAYS_EMBED_SWIFT_STANDARD_LIBRARIES = YES;
				BUNDLE_LOADER = "$(TEST_HOST)";
				CODE_SIGN_STYLE = Automatic;
				DEVELOPMENT_TEAM = K5ZMABR8MY;
				INFOPLIST_FILE = "app-swooshTests/Info.plist";
				LD_RUNPATH_SEARCH_PATHS = (
					"$(inherited)",
					"@executable_path/Frameworks",
					"@loader_path/Frameworks",
				);
				PRODUCT_BUNDLE_IDENTIFIER = "yourcompany.app-swooshTests";
				PRODUCT_NAME = "$(TARGET_NAME)";
				SWIFT_VERSION = 5.0;
				TARGETED_DEVICE_FAMILY = "1,2";
				TEST_HOST = "$(BUILT_PRODUCTS_DIR)/app-swoosh.app/app-swoosh";
			};
			name = Release;
		};
		535680B6232E7E890006DE60 /* Debug */ = {
			isa = XCBuildConfiguration;
			buildSettings = {
				ALWAYS_EMBED_SWIFT_STANDARD_LIBRARIES = YES;
				CODE_SIGN_STYLE = Automatic;
				DEVELOPMENT_TEAM = K5ZMABR8MY;
				INFOPLIST_FILE = "app-swooshUITests/Info.plist";
				LD_RUNPATH_SEARCH_PATHS = (
					"$(inherited)",
					"@executable_path/Frameworks",
					"@loader_path/Frameworks",
				);
				PRODUCT_BUNDLE_IDENTIFIER = "yourcompany.app-swooshUITests";
				PRODUCT_NAME = "$(TARGET_NAME)";
				SWIFT_VERSION = 5.0;
				TARGETED_DEVICE_FAMILY = "1,2";
				TEST_TARGET_NAME = "app-swoosh";
			};
			name = Debug;
		};
		535680B7232E7E890006DE60 /* Release */ = {
			isa = XCBuildConfiguration;
			buildSettings = {
				ALWAYS_EMBED_SWIFT_STANDARD_LIBRARIES = YES;
				CODE_SIGN_STYLE = Automatic;
				DEVELOPMENT_TEAM = K5ZMABR8MY;
				INFOPLIST_FILE = "app-swooshUITests/Info.plist";
				LD_RUNPATH_SEARCH_PATHS = (
					"$(inherited)",
					"@executable_path/Frameworks",
					"@loader_path/Frameworks",
				);
				PRODUCT_BUNDLE_IDENTIFIER = "yourcompany.app-swooshUITests";
				PRODUCT_NAME = "$(TARGET_NAME)";
				SWIFT_VERSION = 5.0;
				TARGETED_DEVICE_FAMILY = "1,2";
				TEST_TARGET_NAME = "app-swoosh";
			};
			name = Release;
		};
/* End XCBuildConfiguration section */

/* Begin XCConfigurationList section */
		53568082232E7E870006DE60 /* Build configuration list for PBXProject "app-swoosh" */ = {
			isa = XCConfigurationList;
			buildConfigurations = (
				535680AD232E7E890006DE60 /* Debug */,
				535680AE232E7E890006DE60 /* Release */,
			);
			defaultConfigurationIsVisible = 0;
			defaultConfigurationName = Release;
		};
		535680AF232E7E890006DE60 /* Build configuration list for PBXNativeTarget "app-swoosh" */ = {
			isa = XCConfigurationList;
			buildConfigurations = (
				535680B0232E7E890006DE60 /* Debug */,
				535680B1232E7E890006DE60 /* Release */,
			);
			defaultConfigurationIsVisible = 0;
			defaultConfigurationName = Release;
		};
		535680B2232E7E890006DE60 /* Build configuration list for PBXNativeTarget "app-swooshTests" */ = {
			isa = XCConfigurationList;
			buildConfigurations = (
				535680B3232E7E890006DE60 /* Debug */,
				535680B4232E7E890006DE60 /* Release */,
			);
			defaultConfigurationIsVisible = 0;
			defaultConfigurationName = Release;
		};
		535680B5232E7E890006DE60 /* Build configuration list for PBXNativeTarget "app-swooshUITests" */ = {
			isa = XCConfigurationList;
			buildConfigurations = (
				535680B6232E7E890006DE60 /* Debug */,
				535680B7232E7E890006DE60 /* Release */,
			);
			defaultConfigurationIsVisible = 0;
			defaultConfigurationName = Release;
		};
/* End XCConfigurationList section */
	};
	rootObject = 5356807F232E7E870006DE60 /* Project object */;
}
